
Microsoft Visual Studio Solution File, Format Version 12.00
# Visual Studio Version 17
VisualStudioVersion = 17.9.34728.123
MinimumVisualStudioVersion = 10.0.40219.1
Project("{FAE04EC0-301F-11D3-BF4B-00C04F79EFBC}") = "Aposi.GodotSharp.Utilities", "Aposi.GodotSharp.Utilities\Aposi.GodotSharp.Utilities.csproj", "{863AAEE7-64CA-4B1D-827A-8EBB13ED4E71}"
EndProject
Global
	GlobalSection(SolutionConfigurationPlatforms) = preSolution
		Debug|Any CPU = Debug|Any CPU
		Release|Any CPU = Release|Any CPU
	EndGlobalSection
	GlobalSection(ProjectConfigurationPlatforms) = postSolution
		{863AAEE7-64CA-4B1D-827A-8EBB13ED4E71}.Debug|Any CPU.ActiveCfg = Debug|Any CPU
		{863AAEE7-64CA-4B1D-827A-8EBB13ED4E71}.Debug|Any CPU.Build.0 = Debug|Any CPU
		{863AAEE7-64CA-4B1D-827A-8EBB13ED4E71}.Release|Any CPU.ActiveCfg = Release|Any CPU
		{863AAEE7-64CA-4B1D-827A-8EBB13ED4E71}.Release|Any CPU.Build.0 = Release|Any CPU
	EndGlobalSection
	GlobalSection(SolutionProperties) = preSolution
		HideSolutionNode = FALSE
	EndGlobalSection
	GlobalSection(ExtensibilityGlobals) = postSolution
		SolutionGuid = {7F0AB1C1-E3FA-433A-BBB8-572CD9521D8E}
	EndGlobalSection
EndGlobal
